PODS:
  - Alamofire (4.7.3)
  - AlamofireImage (3.4.1):
    - Alamofire (~> 4.7)
  - Crashlytics (3.10.9):
    - Fabric (~> 1.7.13)
  - Fabric (1.7.13)
  - IQKeyboardManager (6.1.1)
  - ReachabilitySwift (4.3.0)
  - SDWebImage (4.4.2):
    - SDWebImage/Core (= 4.4.2)
  - SDWebImage/Core (4.4.2)
  - SwiftyJSON (4.0.0)

DEPENDENCIES:
  - Alamofire (~> 4.0)
  - AlamofireImage (~> 3.4)
  - Crashlytics
  - Fabric
  - IQKeyboardManager
  - ReachabilitySwift
  - SDWebImage (~> 4.0)
  - SwiftyJSON (~> 4.0.0)

SPEC REPOS:
  https://github.com/cocoapods/specs.git:
    - Alamofire
    - AlamofireImage
    - Crashlytics
    - Fabric
    - IQKeyboardManager
    - ReachabilitySwift
    - SDWebImage
    - SwiftyJSON

SPEC CHECKSUMS:
  Alamofire: c7287b6e5d7da964a70935e5db17046b7fde6568
  AlamofireImage: 78d67ccbb763d87ba44b21583d2153500a195630
  Crashlytics: 55e24fc23989680285a21cb1146578d9d18e432c
  Fabric: 25d0963b691fc97be566392243ff0ecef5a68338
  IQKeyboardManager: 79c57795f5c2408d259d37b9da2ed07efcbb5225
  ReachabilitySwift: 408477d1b6ed9779dba301953171e017c31241f3
  SDWebImage: 624d6e296c69b244bcede364c72ae0430ac14681
  SwiftyJSON: 070dabdcb1beb81b247c65ffa3a79dbbfb3b48aa

PODFILE CHECKSUM: fbe877e699be8b7507781ca82be1263754de8954

COCOAPODS: 1.5.3
